// !$*UTF8*$!
{
	archiveVersion = 1;
	classes = {
	};
	objectVersion = 50;
	objects = {

/* Begin PBXBuildFile section */
		9003F10E21B3E17C0009EEBD /* ProductEditViewController.swift in Sources */ = {isa = PBXBuildFile; fileRef = 9003F10D21B3E17C0009EEBD /* ProductEditViewController.swift */; };
		9003F11021B3E18C0009EEBD /* ProductEditViewController.storyboard in Resources */ = {isa = PBXBuildFile; fileRef = 9003F10F21B3E18C0009EEBD /* ProductEditViewController.storyboard */; };
		9003F11221B3E49F0009EEBD /* ProductEditViewBuilder.swift in Sources */ = {isa = PBXBuildFile; fileRef = 9003F11121B3E49F0009EEBD /* ProductEditViewBuilder.swift */; };
		9003F11421B3EA220009EEBD /* ProductEditContract.swift in Sources */ = {isa = PBXBuildFile; fileRef = 9003F11321B3EA220009EEBD /* ProductEditContract.swift */; };
		9003F11621B3EB290009EEBD /* ProductEditInteractor.swift in Sources */ = {isa = PBXBuildFile; fileRef = 9003F11521B3EB290009EEBD /* ProductEditInteractor.swift */; };
		9003F11821B3EC290009EEBD /* ProductEditPresenter.swift in Sources */ = {isa = PBXBuildFile; fileRef = 9003F11721B3EC290009EEBD /* ProductEditPresenter.swift */; };
		9003F11A21B3EDF40009EEBD /* ProductEditRouter.swift in Sources */ = {isa = PBXBuildFile; fileRef = 9003F11921B3EDF40009EEBD /* ProductEditRouter.swift */; };
		9003F11C21B410570009EEBD /* MasterRouter.swift in Sources */ = {isa = PBXBuildFile; fileRef = 9003F11B21B410570009EEBD /* MasterRouter.swift */; };
		9003F11E21B415A70009EEBD /* UserPageViewController.swift in Sources */ = {isa = PBXBuildFile; fileRef = 9003F11D21B415A70009EEBD /* UserPageViewController.swift */; };
		9003F12021B415DB0009EEBD /* UserPageViewController.storyboard in Resources */ = {isa = PBXBuildFile; fileRef = 9003F11F21B415DB0009EEBD /* UserPageViewController.storyboard */; };
		9003F12221B418F50009EEBD /* UserPageContract.swift in Sources */ = {isa = PBXBuildFile; fileRef = 9003F12121B418F50009EEBD /* UserPageContract.swift */; };
		9003F12421B41A2B0009EEBD /* UserProfileTableViewCell.swift in Sources */ = {isa = PBXBuildFile; fileRef = 9003F12321B41A2B0009EEBD /* UserProfileTableViewCell.swift */; };
		9003F12621B41A340009EEBD /* UserProfileTableViewCell.xib in Resources */ = {isa = PBXBuildFile; fileRef = 9003F12521B41A340009EEBD /* UserProfileTableViewCell.xib */; };
		9003F12821B4213A0009EEBD /* UserPagePresenter.swift in Sources */ = {isa = PBXBuildFile; fileRef = 9003F12721B4213A0009EEBD /* UserPagePresenter.swift */; };
		9003F12A21B422530009EEBD /* UserPageInteractor.swift in Sources */ = {isa = PBXBuildFile; fileRef = 9003F12921B422530009EEBD /* UserPageInteractor.swift */; };
		9003F12C21B423980009EEBD /* Purchase.swift in Sources */ = {isa = PBXBuildFile; fileRef = 9003F12B21B423980009EEBD /* Purchase.swift */; };
		9003F12E21B425600009EEBD /* PurchaseStore.swift in Sources */ = {isa = PBXBuildFile; fileRef = 9003F12D21B425600009EEBD /* PurchaseStore.swift */; };
		9003F13021B431DA0009EEBD /* UserPageViewBuilder.swift in Sources */ = {isa = PBXBuildFile; fileRef = 9003F12F21B431DA0009EEBD /* UserPageViewBuilder.swift */; };
		9003F13221B432640009EEBD /* UserPageRouter.swift in Sources */ = {isa = PBXBuildFile; fileRef = 9003F13121B432640009EEBD /* UserPageRouter.swift */; };
		9003F13421B436530009EEBD /* ProductsTableViewCell.swift in Sources */ = {isa = PBXBuildFile; fileRef = 9003F13321B436530009EEBD /* ProductsTableViewCell.swift */; };
		9003F13621B4366B0009EEBD /* ProductsTableViewCell.xib in Resources */ = {isa = PBXBuildFile; fileRef = 9003F13521B4366B0009EEBD /* ProductsTableViewCell.xib */; };
		9003F13821B445BD0009EEBD /* UIImage+extension.swift in Sources */ = {isa = PBXBuildFile; fileRef = 9003F13721B445BD0009EEBD /* UIImage+extension.swift */; };
		900C83F921B1530B001073EB /* AppDelegate.swift in Sources */ = {isa = PBXBuildFile; fileRef = 900C83F821B1530B001073EB /* AppDelegate.swift */; };
		900C840021B1530D001073EB /* Assets.xcassets in Resources */ = {isa = PBXBuildFile; fileRef = 900C83FF21B1530D001073EB /* Assets.xcassets */; };
		900C840321B1530D001073EB /* LaunchScreen.storyboard in Resources */ = {isa = PBXBuildFile; fileRef = 900C840121B1530D001073EB /* LaunchScreen.storyboard */; };
		90568EA821C4FD50002727A0 /* ManagerInteractor.swift in Sources */ = {isa = PBXBuildFile; fileRef = 90568EA721C4FD50002727A0 /* ManagerInteractor.swift */; };
		90568EAC21C53AA5002727A0 /* ManagerPresenter.swift in Sources */ = {isa = PBXBuildFile; fileRef = 90568EAB21C53AA5002727A0 /* ManagerPresenter.swift */; };
		90568EAE21C53D7F002727A0 /* ManagerViewController.swift in Sources */ = {isa = PBXBuildFile; fileRef = 90568EAD21C53D7F002727A0 /* ManagerViewController.swift */; };
		90568EB021C53D98002727A0 /* ManagerViewController.storyboard in Resources */ = {isa = PBXBuildFile; fileRef = 90568EAF21C53D98002727A0 /* ManagerViewController.storyboard */; };
		905BC5AC21C657E700EBE5D6 /* ManagerTableViewCell.swift in Sources */ = {isa = PBXBuildFile; fileRef = 905BC5AB21C657E700EBE5D6 /* ManagerTableViewCell.swift */; };
		905BC5AE21C657F900EBE5D6 /* ManagerTableViewCell.xib in Resources */ = {isa = PBXBuildFile; fileRef = 905BC5AD21C657F900EBE5D6 /* ManagerTableViewCell.xib */; };
		905BC5B021C65B8400EBE5D6 /* ToatalPriceTableViewCell.swift in Sources */ = {isa = PBXBuildFile; fileRef = 905BC5AF21C65B8400EBE5D6 /* ToatalPriceTableViewCell.swift */; };
		9077C41221B4AB77003EEB03 /* PurchaseConfirmViewController.swift in Sources */ = {isa = PBXBuildFile; fileRef = 9077C41121B4AB77003EEB03 /* PurchaseConfirmViewController.swift */; };
		9077C41421B4AB9A003EEB03 /* PurchaseConfirmViewController.storyboard in Resources */ = {isa = PBXBuildFile; fileRef = 9077C41321B4AB9A003EEB03 /* PurchaseConfirmViewController.storyboard */; };
		9077C41621B4AF28003EEB03 /* PurchaseConfirmContruct.swift in Sources */ = {isa = PBXBuildFile; fileRef = 9077C41521B4AF28003EEB03 /* PurchaseConfirmContruct.swift */; };
		9077C41821B4AFD5003EEB03 /* PurchaseConfirmRouter.swift in Sources */ = {isa = PBXBuildFile; fileRef = 9077C41721B4AFD5003EEB03 /* PurchaseConfirmRouter.swift */; };
		9077C41A21B4B061003EEB03 /* PurchaseConfirmInteractor.swift in Sources */ = {isa = PBXBuildFile; fileRef = 9077C41921B4B061003EEB03 /* PurchaseConfirmInteractor.swift */; };
		9077C41C21B4B162003EEB03 /* PurchaseConfirmPresenter.swift in Sources */ = {isa = PBXBuildFile; fileRef = 9077C41B21B4B162003EEB03 /* PurchaseConfirmPresenter.swift */; };
		9077C41E21B4B25B003EEB03 /* PurchaseConfirmViewBuilder.swift in Sources */ = {isa = PBXBuildFile; fileRef = 9077C41D21B4B25B003EEB03 /* PurchaseConfirmViewBuilder.swift */; };
		9077C42021B4C77A003EEB03 /* HeaderTableViewCell.swift in Sources */ = {isa = PBXBuildFile; fileRef = 9077C41F21B4C77A003EEB03 /* HeaderTableViewCell.swift */; };
		9077C42221B4C790003EEB03 /* HeaderTableViewCell.xib in Resources */ = {isa = PBXBuildFile; fileRef = 9077C42121B4C790003EEB03 /* HeaderTableViewCell.xib */; };
		9077C42421B4C965003EEB03 /* HistoryTableViewCell.swift in Sources */ = {isa = PBXBuildFile; fileRef = 9077C42321B4C965003EEB03 /* HistoryTableViewCell.swift */; };
		9077C42621B4C978003EEB03 /* HistoryTableViewCell.xib in Resources */ = {isa = PBXBuildFile; fileRef = 9077C42521B4C978003EEB03 /* HistoryTableViewCell.xib */; };
		9077C42A21B756F3003EEB03 /* SKCore.framework in Frameworks */ = {isa = PBXBuildFile; fileRef = 9077C42721B756F3003EEB03 /* SKCore.framework */; };
		9077C42B21B756F3003EEB03 /* SKClient.framework in Frameworks */ = {isa = PBXBuildFile; fileRef = 9077C42821B756F3003EEB03 /* SKClient.framework */; };
		9077C42C21B756F3003EEB03 /* SKWebAPI.framework in Frameworks */ = {isa = PBXBuildFile; fileRef = 9077C42921B756F3003EEB03 /* SKWebAPI.framework */; };
		9077C42E21B7576F003EEB03 /* SlackStore.swift in Sources */ = {isa = PBXBuildFile; fileRef = 9077C42D21B7576F003EEB03 /* SlackStore.swift */; };
		9077C43021B7626D003EEB03 /* SlackConfig.swift in Sources */ = {isa = PBXBuildFile; fileRef = 9077C42F21B7626D003EEB03 /* SlackConfig.swift */; };
		9077C43821B76D48003EEB03 /* SlackConfigStore.swift in Sources */ = {isa = PBXBuildFile; fileRef = 9077C43721B76D48003EEB03 /* SlackConfigStore.swift */; };
		9077C43A21B76E7C003EEB03 /* SlackUseCase.swift in Sources */ = {isa = PBXBuildFile; fileRef = 9077C43921B76E7C003EEB03 /* SlackUseCase.swift */; };
		9077C43C21B7BAC2003EEB03 /* SlackEditViewController.swift in Sources */ = {isa = PBXBuildFile; fileRef = 9077C43B21B7BAC2003EEB03 /* SlackEditViewController.swift */; };
		9077C43E21B7BADA003EEB03 /* SlackEditViewController.storyboard in Resources */ = {isa = PBXBuildFile; fileRef = 9077C43D21B7BADA003EEB03 /* SlackEditViewController.storyboard */; };
		9077C44021B7BB92003EEB03 /* SlackEditConstrcts.swift in Sources */ = {isa = PBXBuildFile; fileRef = 9077C43F21B7BB92003EEB03 /* SlackEditConstrcts.swift */; };
		9077C44221B7C82E003EEB03 /* SlackEditPresenter.swift in Sources */ = {isa = PBXBuildFile; fileRef = 9077C44121B7C82E003EEB03 /* SlackEditPresenter.swift */; };
		9077C44421B7F1AF003EEB03 /* SlackEditInteractor.swift in Sources */ = {isa = PBXBuildFile; fileRef = 9077C44321B7F1AF003EEB03 /* SlackEditInteractor.swift */; };
		9077C44621B7F289003EEB03 /* SlackEditRouter.swift in Sources */ = {isa = PBXBuildFile; fileRef = 9077C44521B7F289003EEB03 /* SlackEditRouter.swift */; };
		9077C44A21B7F301003EEB03 /* SlackEditViewBuilder.swift in Sources */ = {isa = PBXBuildFile; fileRef = 9077C44921B7F301003EEB03 /* SlackEditViewBuilder.swift */; };
		9077C44C21B8BCD2003EEB03 /* ManagerViewBuilder.swift in Sources */ = {isa = PBXBuildFile; fileRef = 9077C44B21B8BCD2003EEB03 /* ManagerViewBuilder.swift */; };
		9077C44E21B8BE54003EEB03 /* ManagerContracts.swift in Sources */ = {isa = PBXBuildFile; fileRef = 9077C44D21B8BE54003EEB03 /* ManagerContracts.swift */; };
		907BC99721B21750002C3A85 /* Realm.framework in Frameworks */ = {isa = PBXBuildFile; fileRef = 907BC99521B21750002C3A85 /* Realm.framework */; };
		907BC99821B21750002C3A85 /* RealmSwift.framework in Frameworks */ = {isa = PBXBuildFile; fileRef = 907BC99621B21750002C3A85 /* RealmSwift.framework */; };
		907BC99C21B21872002C3A85 /* RxCocoa.framework in Frameworks */ = {isa = PBXBuildFile; fileRef = 907BC99A21B21871002C3A85 /* RxCocoa.framework */; };
		907BC99D21B21872002C3A85 /* RxSwift.framework in Frameworks */ = {isa = PBXBuildFile; fileRef = 907BC99B21B21872002C3A85 /* RxSwift.framework */; };
		907BC99F21B228F3002C3A85 /* MasterViewController.swift in Sources */ = {isa = PBXBuildFile; fileRef = 907BC99E21B228F3002C3A85 /* MasterViewController.swift */; };
		907BC9C121B22C85002C3A85 /* UIViewController+extension.swift in Sources */ = {isa = PBXBuildFile; fileRef = 907BC9C021B22C85002C3A85 /* UIViewController+extension.swift */; };
		907BC9C721B22FF5002C3A85 /* MasterViewController.storyboard in Resources */ = {isa = PBXBuildFile; fileRef = 907BC9C621B22FF5002C3A85 /* MasterViewController.storyboard */; };
		907BC9CD21B237C9002C3A85 /* User.swift in Sources */ = {isa = PBXBuildFile; fileRef = 907BC9CC21B237C9002C3A85 /* User.swift */; };
		907BC9CF21B23816002C3A85 /* IdTable.swift in Sources */ = {isa = PBXBuildFile; fileRef = 907BC9CE21B23816002C3A85 /* IdTable.swift */; };
		907BC9D121B23D15002C3A85 /* Position.swift in Sources */ = {isa = PBXBuildFile; fileRef = 907BC9D021B23D15002C3A85 /* Position.swift */; };
		907BC9D721B2508F002C3A85 /* UserStore.swift in Sources */ = {isa = PBXBuildFile; fileRef = 907BC9D621B2508F002C3A85 /* UserStore.swift */; };
		907BC9D921B2511D002C3A85 /* RealmRepository.swift in Sources */ = {isa = PBXBuildFile; fileRef = 907BC9D821B2511D002C3A85 /* RealmRepository.swift */; };
		907BC9DC21B25235002C3A85 /* DataStore.swift in Sources */ = {isa = PBXBuildFile; fileRef = 907BC9DB21B25235002C3A85 /* DataStore.swift */; };
		907BC9E421B25BCC002C3A85 /* MasterContract.swift in Sources */ = {isa = PBXBuildFile; fileRef = 907BC9E321B25BCC002C3A85 /* MasterContract.swift */; };
		907BC9E821B25F24002C3A85 /* MasterBuilder.swift in Sources */ = {isa = PBXBuildFile; fileRef = 907BC9E721B25F24002C3A85 /* MasterBuilder.swift */; };
		907BC9EA21B260B9002C3A85 /* UITableView+extension.swift in Sources */ = {isa = PBXBuildFile; fileRef = 907BC9E921B260B9002C3A85 /* UITableView+extension.swift */; };
		907BC9EC21B260EB002C3A85 /* NSObject+extension.swift in Sources */ = {isa = PBXBuildFile; fileRef = 907BC9EB21B260EB002C3A85 /* NSObject+extension.swift */; };
		907BC9EE21B26110002C3A85 /* UITableViewCell+extesion.swift in Sources */ = {isa = PBXBuildFile; fileRef = 907BC9ED21B26110002C3A85 /* UITableViewCell+extesion.swift */; };
		907BC9F021B26231002C3A85 /* MasterPresenter.swift in Sources */ = {isa = PBXBuildFile; fileRef = 907BC9EF21B26231002C3A85 /* MasterPresenter.swift */; };
		907BC9F221B26B21002C3A85 /* MasterInteractor.swift in Sources */ = {isa = PBXBuildFile; fileRef = 907BC9F121B26B21002C3A85 /* MasterInteractor.swift */; };
		907BC9F421B26C1D002C3A85 /* PositionStore.swift in Sources */ = {isa = PBXBuildFile; fileRef = 907BC9F321B26C1D002C3A85 /* PositionStore.swift */; };
		907BC9F621B27267002C3A85 /* SettingViewController.swift in Sources */ = {isa = PBXBuildFile; fileRef = 907BC9F521B27267002C3A85 /* SettingViewController.swift */; };
		907BC9F821B2727A002C3A85 /* SettingViewController.storyboard in Resources */ = {isa = PBXBuildFile; fileRef = 907BC9F721B2727A002C3A85 /* SettingViewController.storyboard */; };
		907BC9FA21B272E7002C3A85 /* UserManageContract.swift in Sources */ = {isa = PBXBuildFile; fileRef = 907BC9F921B272E7002C3A85 /* UserManageContract.swift */; };
		907BC9FD21B2732D002C3A85 /* UserUseCase.swift in Sources */ = {isa = PBXBuildFile; fileRef = 907BC9FC21B2732D002C3A85 /* UserUseCase.swift */; };
		907BCA0121B277AA002C3A85 /* UserManageInteractor.swift in Sources */ = {isa = PBXBuildFile; fileRef = 907BCA0021B277AA002C3A85 /* UserManageInteractor.swift */; };
		907BCA0321B27A3E002C3A85 /* SettingContract.swift in Sources */ = {isa = PBXBuildFile; fileRef = 907BCA0221B27A3E002C3A85 /* SettingContract.swift */; };
		907BCA0521B27B9E002C3A85 /* SettingRouter.swift in Sources */ = {isa = PBXBuildFile; fileRef = 907BCA0421B27B9E002C3A85 /* SettingRouter.swift */; };
		907BCA0721B27C06002C3A85 /* UserManagerBuilder.swift in Sources */ = {isa = PBXBuildFile; fileRef = 907BCA0621B27C06002C3A85 /* UserManagerBuilder.swift */; };
		907BCA0921B2D5E1002C3A85 /* SettingBuilder.swift in Sources */ = {isa = PBXBuildFile; fileRef = 907BCA0821B2D5E1002C3A85 /* SettingBuilder.swift */; };
		907BCA0B21B2D69E002C3A85 /* SettingPresenter.swift in Sources */ = {isa = PBXBuildFile; fileRef = 907BCA0A21B2D69E002C3A85 /* SettingPresenter.swift */; };
		907BCA0D21B2D9A7002C3A85 /* UserManageViewController.swift in Sources */ = {isa = PBXBuildFile; fileRef = 907BCA0C21B2D9A7002C3A85 /* UserManageViewController.swift */; };
		907BCA0F21B2D9B6002C3A85 /* UserManageViewController.storyboard in Resources */ = {isa = PBXBuildFile; fileRef = 907BCA0E21B2D9B6002C3A85 /* UserManageViewController.storyboard */; };
		908080EB21B906F100C98626 /* ManagerRouter.swift in Sources */ = {isa = PBXBuildFile; fileRef = 908080EA21B906F100C98626 /* ManagerRouter.swift */; };
		90EA012B21DC767700D5DA5C /* ToatalPriceTableViewCell.xib in Resources */ = {isa = PBXBuildFile; fileRef = 90EA012A21DC767700D5DA5C /* ToatalPriceTableViewCell.xib */; };
		90EA012D21DCFA9700D5DA5C /* SelectManagerViewController.swift in Sources */ = {isa = PBXBuildFile; fileRef = 90EA012C21DCFA9700D5DA5C /* SelectManagerViewController.swift */; };
		90EA012F21DCFAC200D5DA5C /* SelectManagerViewController.storyboard in Resources */ = {isa = PBXBuildFile; fileRef = 90EA012E21DCFAC200D5DA5C /* SelectManagerViewController.storyboard */; };
		90EDB49D21B2DEA9004C15CC /* UserManagePresenter.swift in Sources */ = {isa = PBXBuildFile; fileRef = 90EDB49C21B2DEA9004C15CC /* UserManagePresenter.swift */; };
		90EDB4A121B36FB8004C15CC /* UserEditViewController.swift in Sources */ = {isa = PBXBuildFile; fileRef = 90EDB4A021B36FB8004C15CC /* UserEditViewController.swift */; };
		90EDB4A321B36FC9004C15CC /* UserEditViewController.storyboard in Resources */ = {isa = PBXBuildFile; fileRef = 90EDB4A221B36FC9004C15CC /* UserEditViewController.storyboard */; };
		90EDB4A521B375A7004C15CC /* UserEditCotract.swift in Sources */ = {isa = PBXBuildFile; fileRef = 90EDB4A421B375A7004C15CC /* UserEditCotract.swift */; };
		90EDB4A721B3771C004C15CC /* UserEditPresenter.swift in Sources */ = {isa = PBXBuildFile; fileRef = 90EDB4A621B3771C004C15CC /* UserEditPresenter.swift */; };
		90EDB4A921B379E5004C15CC /* UserEditInteractor.swift in Sources */ = {isa = PBXBuildFile; fileRef = 90EDB4A821B379E5004C15CC /* UserEditInteractor.swift */; };
		90EDB4AB21B37EFC004C15CC /* UserEditViewBuilder.swift in Sources */ = {isa = PBXBuildFile; fileRef = 90EDB4AA21B37EFC004C15CC /* UserEditViewBuilder.swift */; };
		90EDB4AD21B37FDD004C15CC /* UserEditRouter.swift in Sources */ = {isa = PBXBuildFile; fileRef = 90EDB4AC21B37FDD004C15CC /* UserEditRouter.swift */; };
		90EDB4AF21B3816E004C15CC /* UserManageRouter.swift in Sources */ = {isa = PBXBuildFile; fileRef = 90EDB4AE21B3816E004C15CC /* UserManageRouter.swift */; };
		90EDB4B221B3AFC7004C15CC /* UserShortCell.swift in Sources */ = {isa = PBXBuildFile; fileRef = 90EDB4B121B3AFC6004C15CC /* UserShortCell.swift */; };
		90EDB4B421B3AFDF004C15CC /* UserShortCell.xib in Resources */ = {isa = PBXBuildFile; fileRef = 90EDB4B321B3AFDF004C15CC /* UserShortCell.xib */; };
		90EDB4B621B3B76C004C15CC /* Product.swift in Sources */ = {isa = PBXBuildFile; fileRef = 90EDB4B521B3B76C004C15CC /* Product.swift */; };
		90EDB4B821B3B8CB004C15CC /* ProductStore.swift in Sources */ = {isa = PBXBuildFile; fileRef = 90EDB4B721B3B8CB004C15CC /* ProductStore.swift */; };
		90EDB4BA21B3BC3C004C15CC /* ProductManageViewController.swift in Sources */ = {isa = PBXBuildFile; fileRef = 90EDB4B921B3BC3C004C15CC /* ProductManageViewController.swift */; };
		90EDB4BC21B3BC58004C15CC /* ProductManageViewController.storyboard in Resources */ = {isa = PBXBuildFile; fileRef = 90EDB4BB21B3BC58004C15CC /* ProductManageViewController.storyboard */; };
		90EDB4BE21B3BCCE004C15CC /* ProductManageContract.swift in Sources */ = {isa = PBXBuildFile; fileRef = 90EDB4BD21B3BCCE004C15CC /* ProductManageContract.swift */; };
		90EDB4C021B3BE3F004C15CC /* ProductManageRouter.swift in Sources */ = {isa = PBXBuildFile; fileRef = 90EDB4BF21B3BE3F004C15CC /* ProductManageRouter.swift */; };
		90EDB4C221B3BEF4004C15CC /* ProductManageInteractor.swift in Sources */ = {isa = PBXBuildFile; fileRef = 90EDB4C121B3BEF4004C15CC /* ProductManageInteractor.swift */; };
		90EDB4C421B3C03B004C15CC /* ProductManagePresenter.swift in Sources */ = {isa = PBXBuildFile; fileRef = 90EDB4C321B3C03B004C15CC /* ProductManagePresenter.swift */; };
		90EDB4C621B3C2B0004C15CC /* ProductManageViewBuilder.swift in Sources */ = {isa = PBXBuildFile; fileRef = 90EDB4C521B3C2B0004C15CC /* ProductManageViewBuilder.swift */; };
		90EDB4CA21B3C3F4004C15CC /* ProductCollectionViewCell.swift in Sources */ = {isa = PBXBuildFile; fileRef = 90EDB4C921B3C3F4004C15CC /* ProductCollectionViewCell.swift */; };
		90EDB4CC21B3C41A004C15CC /* ProductCollectionViewCell.xib in Resources */ = {isa = PBXBuildFile; fileRef = 90EDB4CB21B3C41A004C15CC /* ProductCollectionViewCell.xib */; };
		90EDB4CE21B3C796004C15CC /* UICollectionViewCell+extension.swift in Sources */ = {isa = PBXBuildFile; fileRef = 90EDB4CD21B3C796004C15CC /* UICollectionViewCell+extension.swift */; };
		90EDB4D021B3C7BB004C15CC /* UICollectionView+extension.swift in Sources */ = {isa = PBXBuildFile; fileRef = 90EDB4CF21B3C7BB004C15CC /* UICollectionView+extension.swift */; };
/* End PBXBuildFile section */

/* Begin PBXFileReference section */
		9003F10D21B3E17C0009EEBD /* ProductEditViewController.swift */ = {isa = PBXFileReference; lastKnownFileType = sourcecode.swift; path = ProductEditViewController.swift; sourceTree = "<group>"; };
		9003F10F21B3E18C0009EEBD /* ProductEditViewController.storyboard */ = {isa = PBXFileReference; lastKnownFileType = file.storyboard; path = ProductEditViewController.storyboard; sourceTree = "<group>"; };
		9003F11121B3E49F0009EEBD /* ProductEditViewBuilder.swift */ = {isa = PBXFileReference; lastKnownFileType = sourcecode.swift; path = ProductEditViewBuilder.swift; sourceTree = "<group>"; };
		9003F11321B3EA220009EEBD /* ProductEditContract.swift */ = {isa = PBXFileReference; lastKnownFileType = sourcecode.swift; path = ProductEditContract.swift; sourceTree = "<group>"; };
		9003F11521B3EB290009EEBD /* ProductEditInteractor.swift */ = {isa = PBXFileReference; lastKnownFileType = sourcecode.swift; path = ProductEditInteractor.swift; sourceTree = "<group>"; };
		9003F11721B3EC290009EEBD /* ProductEditPresenter.swift */ = {isa = PBXFileReference; lastKnownFileType = sourcecode.swift; path = ProductEditPresenter.swift; sourceTree = "<group>"; };
		9003F11921B3EDF40009EEBD /* ProductEditRouter.swift */ = {isa = PBXFileReference; lastKnownFileType = sourcecode.swift; path = ProductEditRouter.swift; sourceTree = "<group>"; };
		9003F11B21B410570009EEBD /* MasterRouter.swift */ = {isa = PBXFileReference; lastKnownFileType = sourcecode.swift; path = MasterRouter.swift; sourceTree = "<group>"; };
		9003F11D21B415A70009EEBD /* UserPageViewController.swift */ = {isa = PBXFileReference; lastKnownFileType = sourcecode.swift; path = UserPageViewController.swift; sourceTree = "<group>"; };
		9003F11F21B415DB0009EEBD /* UserPageViewController.storyboard */ = {isa = PBXFileReference; lastKnownFileType = file.storyboard; path = UserPageViewController.storyboard; sourceTree = "<group>"; };
		9003F12121B418F50009EEBD /* UserPageContract.swift */ = {isa = PBXFileReference; lastKnownFileType = sourcecode.swift; path = UserPageContract.swift; sourceTree = "<group>"; };
		9003F12321B41A2B0009EEBD /* UserProfileTableViewCell.swift */ = {isa = PBXFileReference; lastKnownFileType = sourcecode.swift; path = UserProfileTableViewCell.swift; sourceTree = "<group>"; };
		9003F12521B41A340009EEBD /* UserProfileTableViewCell.xib */ = {isa = PBXFileReference; lastKnownFileType = file.xib; path = UserProfileTableViewCell.xib; sourceTree = "<group>"; };
		9003F12721B4213A0009EEBD /* UserPagePresenter.swift */ = {isa = PBXFileReference; lastKnownFileType = sourcecode.swift; path = UserPagePresenter.swift; sourceTree = "<group>"; };
		9003F12921B422530009EEBD /* UserPageInteractor.swift */ = {isa = PBXFileReference; lastKnownFileType = sourcecode.swift; path = UserPageInteractor.swift; sourceTree = "<group>"; };
		9003F12B21B423980009EEBD /* Purchase.swift */ = {isa = PBXFileReference; lastKnownFileType = sourcecode.swift; path = Purchase.swift; sourceTree = "<group>"; };
		9003F12D21B425600009EEBD /* PurchaseStore.swift */ = {isa = PBXFileReference; lastKnownFileType = sourcecode.swift; path = PurchaseStore.swift; sourceTree = "<group>"; };
		9003F12F21B431DA0009EEBD /* UserPageViewBuilder.swift */ = {isa = PBXFileReference; lastKnownFileType = sourcecode.swift; path = UserPageViewBuilder.swift; sourceTree = "<group>"; };
		9003F13121B432640009EEBD /* UserPageRouter.swift */ = {isa = PBXFileReference; lastKnownFileType = sourcecode.swift; path = UserPageRouter.swift; sourceTree = "<group>"; };
		9003F13321B436530009EEBD /* ProductsTableViewCell.swift */ = {isa = PBXFileReference; lastKnownFileType = sourcecode.swift; path = ProductsTableViewCell.swift; sourceTree = "<group>"; };
		9003F13521B4366B0009EEBD /* ProductsTableViewCell.xib */ = {isa = PBXFileReference; lastKnownFileType = file.xib; path = ProductsTableViewCell.xib; sourceTree = "<group>"; };
		9003F13721B445BD0009EEBD /* UIImage+extension.swift */ = {isa = PBXFileReference; lastKnownFileType = sourcecode.swift; path = "UIImage+extension.swift"; sourceTree = "<group>"; };
		900C83F521B1530B001073EB /* JFManager.app */ = {isa = PBXFileReference; explicitFileType = wrapper.application; includeInIndex = 0; path = JFManager.app; sourceTree = BUILT_PRODUCTS_DIR; };
		900C83F821B1530B001073EB /* AppDelegate.swift */ = {isa = PBXFileReference; lastKnownFileType = sourcecode.swift; path = AppDelegate.swift; sourceTree = "<group>"; };
		900C83FF21B1530D001073EB /* Assets.xcassets */ = {isa = PBXFileReference; lastKnownFileType = folder.assetcatalog; path = Assets.xcassets; sourceTree = "<group>"; };
		900C840221B1530D001073EB /* Base */ = {isa = PBXFileReference; lastKnownFileType = file.storyboard; name = Base; path = Base.lproj/LaunchScreen.storyboard; sourceTree = "<group>"; };
		900C840421B1530D001073EB /* Info.plist */ = {isa = PBXFileReference; lastKnownFileType = text.plist.xml; path = Info.plist; sourceTree = "<group>"; };
		90568EA721C4FD50002727A0 /* ManagerInteractor.swift */ = {isa = PBXFileReference; lastKnownFileType = sourcecode.swift; path = ManagerInteractor.swift; sourceTree = "<group>"; };
		90568EAB21C53AA5002727A0 /* ManagerPresenter.swift */ = {isa = PBXFileReference; lastKnownFileType = sourcecode.swift; path = ManagerPresenter.swift; sourceTree = "<group>"; };
		90568EAD21C53D7F002727A0 /* ManagerViewController.swift */ = {isa = PBXFileReference; lastKnownFileType = sourcecode.swift; path = ManagerViewController.swift; sourceTree = "<group>"; };
		90568EAF21C53D98002727A0 /* ManagerViewController.storyboard */ = {isa = PBXFileReference; lastKnownFileType = file.storyboard; path = ManagerViewController.storyboard; sourceTree = "<group>"; };
		905BC5AB21C657E700EBE5D6 /* ManagerTableViewCell.swift */ = {isa = PBXFileReference; lastKnownFileType = sourcecode.swift; path = ManagerTableViewCell.swift; sourceTree = "<group>"; };
		905BC5AD21C657F900EBE5D6 /* ManagerTableViewCell.xib */ = {isa = PBXFileReference; lastKnownFileType = file.xib; path = ManagerTableViewCell.xib; sourceTree = "<group>"; };
		905BC5AF21C65B8400EBE5D6 /* ToatalPriceTableViewCell.swift */ = {isa = PBXFileReference; lastKnownFileType = sourcecode.swift; path = ToatalPriceTableViewCell.swift; sourceTree = "<group>"; };
		9077C41121B4AB77003EEB03 /* PurchaseConfirmViewController.swift */ = {isa = PBXFileReference; lastKnownFileType = sourcecode.swift; path = PurchaseConfirmViewController.swift; sourceTree = "<group>"; };
		9077C41321B4AB9A003EEB03 /* PurchaseConfirmViewController.storyboard */ = {isa = PBXFileReference; lastKnownFileType = file.storyboard; path = PurchaseConfirmViewController.storyboard; sourceTree = "<group>"; };
		9077C41521B4AF28003EEB03 /* PurchaseConfirmContruct.swift */ = {isa = PBXFileReference; lastKnownFileType = sourcecode.swift; path = PurchaseConfirmContruct.swift; sourceTree = "<group>"; };
		9077C41721B4AFD5003EEB03 /* PurchaseConfirmRouter.swift */ = {isa = PBXFileReference; lastKnownFileType = sourcecode.swift; path = PurchaseConfirmRouter.swift; sourceTree = "<group>"; };
		9077C41921B4B061003EEB03 /* PurchaseConfirmInteractor.swift */ = {isa = PBXFileReference; lastKnownFileType = sourcecode.swift; path = PurchaseConfirmInteractor.swift; sourceTree = "<group>"; };
		9077C41B21B4B162003EEB03 /* PurchaseConfirmPresenter.swift */ = {isa = PBXFileReference; lastKnownFileType = sourcecode.swift; path = PurchaseConfirmPresenter.swift; sourceTree = "<group>"; };
		9077C41D21B4B25B003EEB03 /* PurchaseConfirmViewBuilder.swift */ = {isa = PBXFileReference; lastKnownFileType = sourcecode.swift; path = PurchaseConfirmViewBuilder.swift; sourceTree = "<group>"; };
		9077C41F21B4C77A003EEB03 /* HeaderTableViewCell.swift */ = {isa = PBXFileReference; lastKnownFileType = sourcecode.swift; path = HeaderTableViewCell.swift; sourceTree = "<group>"; };
		9077C42121B4C790003EEB03 /* HeaderTableViewCell.xib */ = {isa = PBXFileReference; lastKnownFileType = file.xib; path = HeaderTableViewCell.xib; sourceTree = "<group>"; };
		9077C42321B4C965003EEB03 /* HistoryTableViewCell.swift */ = {isa = PBXFileReference; lastKnownFileType = sourcecode.swift; path = HistoryTableViewCell.swift; sourceTree = "<group>"; };
		9077C42521B4C978003EEB03 /* HistoryTableViewCell.xib */ = {isa = PBXFileReference; lastKnownFileType = file.xib; path = HistoryTableViewCell.xib; sourceTree = "<group>"; };
		9077C42721B756F3003EEB03 /* SKCore.framework */ = {isa = PBXFileReference; lastKnownFileType = wrapper.framework; name = SKCore.framework; path = Carthage/Build/iOS/SKCore.framework; sourceTree = "<group>"; };
		9077C42821B756F3003EEB03 /* SKClient.framework */ = {isa = PBXFileReference; lastKnownFileType = wrapper.framework; name = SKClient.framework; path = Carthage/Build/iOS/SKClient.framework; sourceTree = "<group>"; };
		9077C42921B756F3003EEB03 /* SKWebAPI.framework */ = {isa = PBXFileReference; lastKnownFileType = wrapper.framework; name = SKWebAPI.framework; path = Carthage/Build/iOS/SKWebAPI.framework; sourceTree = "<group>"; };
		9077C42D21B7576F003EEB03 /* SlackStore.swift */ = {isa = PBXFileReference; lastKnownFileType = sourcecode.swift; path = SlackStore.swift; sourceTree = "<group>"; };
		9077C42F21B7626D003EEB03 /* SlackConfig.swift */ = {isa = PBXFileReference; lastKnownFileType = sourcecode.swift; path = SlackConfig.swift; sourceTree = "<group>"; };
		9077C43721B76D48003EEB03 /* SlackConfigStore.swift */ = {isa = PBXFileReference; lastKnownFileType = sourcecode.swift; path = SlackConfigStore.swift; sourceTree = "<group>"; };
		9077C43921B76E7C003EEB03 /* SlackUseCase.swift */ = {isa = PBXFileReference; lastKnownFileType = sourcecode.swift; path = SlackUseCase.swift; sourceTree = "<group>"; };
		9077C43B21B7BAC2003EEB03 /* SlackEditViewController.swift */ = {isa = PBXFileReference; lastKnownFileType = sourcecode.swift; path = SlackEditViewController.swift; sourceTree = "<group>"; };
		9077C43D21B7BADA003EEB03 /* SlackEditViewController.storyboard */ = {isa = PBXFileReference; lastKnownFileType = file.storyboard; path = SlackEditViewController.storyboard; sourceTree = "<group>"; };
		9077C43F21B7BB92003EEB03 /* SlackEditConstrcts.swift */ = {isa = PBXFileReference; lastKnownFileType = sourcecode.swift; path = SlackEditConstrcts.swift; sourceTree = "<group>"; };
		9077C44121B7C82E003EEB03 /* SlackEditPresenter.swift */ = {isa = PBXFileReference; lastKnownFileType = sourcecode.swift; path = SlackEditPresenter.swift; sourceTree = "<group>"; };
		9077C44321B7F1AF003EEB03 /* SlackEditInteractor.swift */ = {isa = PBXFileReference; lastKnownFileType = sourcecode.swift; path = SlackEditInteractor.swift; sourceTree = "<group>"; };
		9077C44521B7F289003EEB03 /* SlackEditRouter.swift */ = {isa = PBXFileReference; lastKnownFileType = sourcecode.swift; path = SlackEditRouter.swift; sourceTree = "<group>"; };
		9077C44921B7F301003EEB03 /* SlackEditViewBuilder.swift */ = {isa = PBXFileReference; lastKnownFileType = sourcecode.swift; path = SlackEditViewBuilder.swift; sourceTree = "<group>"; };
		9077C44B21B8BCD2003EEB03 /* ManagerViewBuilder.swift */ = {isa = PBXFileReference; lastKnownFileType = sourcecode.swift; path = ManagerViewBuilder.swift; sourceTree = "<group>"; };
		9077C44D21B8BE54003EEB03 /* ManagerContracts.swift */ = {isa = PBXFileReference; lastKnownFileType = sourcecode.swift; path = ManagerContracts.swift; sourceTree = "<group>"; };
		907BC99521B21750002C3A85 /* Realm.framework */ = {isa = PBXFileReference; lastKnownFileType = wrapper.framework; name = Realm.framework; path = Carthage/Build/iOS/Realm.framework; sourceTree = "<group>"; };
		907BC99621B21750002C3A85 /* RealmSwift.framework */ = {isa = PBXFileReference; lastKnownFileType = wrapper.framework; name = RealmSwift.framework; path = Carthage/Build/iOS/RealmSwift.framework; sourceTree = "<group>"; };
		907BC99A21B21871002C3A85 /* RxCocoa.framework */ = {isa = PBXFileReference; lastKnownFileType = wrapper.framework; name = RxCocoa.framework; path = Carthage/Build/iOS/RxCocoa.framework; sourceTree = "<group>"; };
		907BC99B21B21872002C3A85 /* RxSwift.framework */ = {isa = PBXFileReference; lastKnownFileType = wrapper.framework; name = RxSwift.framework; path = Carthage/Build/iOS/RxSwift.framework; sourceTree = "<group>"; };
		907BC99E21B228F3002C3A85 /* MasterViewController.swift */ = {isa = PBXFileReference; lastKnownFileType = sourcecode.swift; path = MasterViewController.swift; sourceTree = "<group>"; };
		907BC9C021B22C85002C3A85 /* UIViewController+extension.swift */ = {isa = PBXFileReference; lastKnownFileType = sourcecode.swift; path = "UIViewController+extension.swift"; sourceTree = "<group>"; };
		907BC9C621B22FF5002C3A85 /* MasterViewController.storyboard */ = {isa = PBXFileReference; lastKnownFileType = file.storyboard; path = MasterViewController.storyboard; sourceTree = "<group>"; };
		907BC9CC21B237C9002C3A85 /* User.swift */ = {isa = PBXFileReference; lastKnownFileType = sourcecode.swift; path = User.swift; sourceTree = "<group>"; };
		907BC9CE21B23816002C3A85 /* IdTable.swift */ = {isa = PBXFileReference; lastKnownFileType = sourcecode.swift; path = IdTable.swift; sourceTree = "<group>"; };
		907BC9D021B23D15002C3A85 /* Position.swift */ = {isa = PBXFileReference; lastKnownFileType = sourcecode.swift; path = Position.swift; sourceTree = "<group>"; };
		907BC9D621B2508F002C3A85 /* UserStore.swift */ = {isa = PBXFileReference; lastKnownFileType = sourcecode.swift; path = UserStore.swift; sourceTree = "<group>"; };
		907BC9D821B2511D002C3A85 /* RealmRepository.swift */ = {isa = PBXFileReference; lastKnownFileType = sourcecode.swift; path = RealmRepository.swift; sourceTree = "<group>"; };
		907BC9DB21B25235002C3A85 /* DataStore.swift */ = {isa = PBXFileReference; lastKnownFileType = sourcecode.swift; path = DataStore.swift; sourceTree = "<group>"; };
		907BC9E321B25BCC002C3A85 /* MasterContract.swift */ = {isa = PBXFileReference; lastKnownFileType = sourcecode.swift; path = MasterContract.swift; sourceTree = "<group>"; };
		907BC9E721B25F24002C3A85 /* MasterBuilder.swift */ = {isa = PBXFileReference; lastKnownFileType = sourcecode.swift; path = MasterBuilder.swift; sourceTree = "<group>"; };
		907BC9E921B260B9002C3A85 /* UITableView+extension.swift */ = {isa = PBXFileReference; lastKnownFileType = sourcecode.swift; path = "UITableView+extension.swift"; sourceTree = "<group>"; };
		907BC9EB21B260EB002C3A85 /* NSObject+extension.swift */ = {isa = PBXFileReference; lastKnownFileType = sourcecode.swift; path = "NSObject+extension.swift"; sourceTree = "<group>"; };
		907BC9ED21B26110002C3A85 /* UITableViewCell+extesion.swift */ = {isa = PBXFileReference; lastKnownFileType = sourcecode.swift; path = "UITableViewCell+extesion.swift"; sourceTree = "<group>"; };
		907BC9EF21B26231002C3A85 /* MasterPresenter.swift */ = {isa = PBXFileReference; lastKnownFileType = sourcecode.swift; path = MasterPresenter.swift; sourceTree = "<group>"; };
		907BC9F121B26B21002C3A85 /* MasterInteractor.swift */ = {isa = PBXFileReference; lastKnownFileType = sourcecode.swift; path = MasterInteractor.swift; sourceTree = "<group>"; };
		907BC9F321B26C1D002C3A85 /* PositionStore.swift */ = {isa = PBXFileReference; lastKnownFileType = sourcecode.swift; path = PositionStore.swift; sourceTree = "<group>"; };
		907BC9F521B27267002C3A85 /* SettingViewController.swift */ = {isa = PBXFileReference; lastKnownFileType = sourcecode.swift; path = SettingViewController.swift; sourceTree = "<group>"; };
		907BC9F721B2727A002C3A85 /* SettingViewController.storyboard */ = {isa = PBXFileReference; lastKnownFileType = file.storyboard; path = SettingViewController.storyboard; sourceTree = "<group>"; };
		907BC9F921B272E7002C3A85 /* UserManageContract.swift */ = {isa = PBXFileReference; lastKnownFileType = sourcecode.swift; path = UserManageContract.swift; sourceTree = "<group>"; };
		907BC9FC21B2732D002C3A85 /* UserUseCase.swift */ = {isa = PBXFileReference; lastKnownFileType = sourcecode.swift; path = UserUseCase.swift; sourceTree = "<group>"; };
		907BCA0021B277AA002C3A85 /* UserManageInteractor.swift */ = {isa = PBXFileReference; fileEncoding = 4; lastKnownFileType = sourcecode.swift; path = UserManageInteractor.swift; sourceTree = "<group>"; };
		907BCA0221B27A3E002C3A85 /* SettingContract.swift */ = {isa = PBXFileReference; lastKnownFileType = sourcecode.swift; path = SettingContract.swift; sourceTree = "<group>"; };
		907BCA0421B27B9E002C3A85 /* SettingRouter.swift */ = {isa = PBXFileReference; lastKnownFileType = sourcecode.swift; path = SettingRouter.swift; sourceTree = "<group>"; };
		907BCA0621B27C06002C3A85 /* UserManagerBuilder.swift */ = {isa = PBXFileReference; lastKnownFileType = sourcecode.swift; path = UserManagerBuilder.swift; sourceTree = "<group>"; };
		907BCA0821B2D5E1002C3A85 /* SettingBuilder.swift */ = {isa = PBXFileReference; lastKnownFileType = sourcecode.swift; path = SettingBuilder.swift; sourceTree = "<group>"; };
		907BCA0A21B2D69E002C3A85 /* SettingPresenter.swift */ = {isa = PBXFileReference; lastKnownFileType = sourcecode.swift; path = SettingPresenter.swift; sourceTree = "<group>"; };
		907BCA0C21B2D9A7002C3A85 /* UserManageViewController.swift */ = {isa = PBXFileReference; lastKnownFileType = sourcecode.swift; path = UserManageViewController.swift; sourceTree = "<group>"; };
		907BCA0E21B2D9B6002C3A85 /* UserManageViewController.storyboard */ = {isa = PBXFileReference; lastKnownFileType = file.storyboard; path = UserManageViewController.storyboard; sourceTree = "<group>"; };
		908080EA21B906F100C98626 /* ManagerRouter.swift */ = {isa = PBXFileReference; lastKnownFileType = sourcecode.swift; path = ManagerRouter.swift; sourceTree = "<group>"; };
		90EA012A21DC767700D5DA5C /* ToatalPriceTableViewCell.xib */ = {isa = PBXFileReference; lastKnownFileType = file.xib; path = ToatalPriceTableViewCell.xib; sourceTree = "<group>"; };
		90EA012C21DCFA9700D5DA5C /* SelectManagerViewController.swift */ = {isa = PBXFileReference; lastKnownFileType = sourcecode.swift; path = SelectManagerViewController.swift; sourceTree = "<group>"; };
		90EA012E21DCFAC200D5DA5C /* SelectManagerViewController.storyboard */ = {isa = PBXFileReference; lastKnownFileType = file.storyboard; path = SelectManagerViewController.storyboard; sourceTree = "<group>"; };
		90EDB49C21B2DEA9004C15CC /* UserManagePresenter.swift */ = {isa = PBXFileReference; lastKnownFileType = sourcecode.swift; path = UserManagePresenter.swift; sourceTree = "<group>"; };
		90EDB4A021B36FB8004C15CC /* UserEditViewController.swift */ = {isa = PBXFileReference; lastKnownFileType = sourcecode.swift; path = UserEditViewController.swift; sourceTree = "<group>"; };
		90EDB4A221B36FC9004C15CC /* UserEditViewController.storyboard */ = {isa = PBXFileReference; lastKnownFileType = file.storyboard; path = UserEditViewController.storyboard; sourceTree = "<group>"; };
		90EDB4A421B375A7004C15CC /* UserEditCotract.swift */ = {isa = PBXFileReference; lastKnownFileType = sourcecode.swift; path = UserEditCotract.swift; sourceTree = "<group>"; };
		90EDB4A621B3771C004C15CC /* UserEditPresenter.swift */ = {isa = PBXFileReference; lastKnownFileType = sourcecode.swift; path = UserEditPresenter.swift; sourceTree = "<group>"; };
		90EDB4A821B379E5004C15CC /* UserEditInteractor.swift */ = {isa = PBXFileReference; lastKnownFileType = sourcecode.swift; path = UserEditInteractor.swift; sourceTree = "<group>"; };
		90EDB4AA21B37EFC004C15CC /* UserEditViewBuilder.swift */ = {isa = PBXFileReference; lastKnownFileType = sourcecode.swift; path = UserEditViewBuilder.swift; sourceTree = "<group>"; };
		90EDB4AC21B37FDD004C15CC /* UserEditRouter.swift */ = {isa = PBXFileReference; lastKnownFileType = sourcecode.swift; path = UserEditRouter.swift; sourceTree = "<group>"; };
		90EDB4AE21B3816E004C15CC /* UserManageRouter.swift */ = {isa = PBXFileReference; lastKnownFileType = sourcecode.swift; path = UserManageRouter.swift; sourceTree = "<group>"; };
		90EDB4B121B3AFC6004C15CC /* UserShortCell.swift */ = {isa = PBXFileReference; lastKnownFileType = sourcecode.swift; path = UserShortCell.swift; sourceTree = "<group>"; };
		90EDB4B321B3AFDF004C15CC /* UserShortCell.xib */ = {isa = PBXFileReference; lastKnownFileType = file.xib; path = UserShortCell.xib; sourceTree = "<group>"; };
		90EDB4B521B3B76C004C15CC /* Product.swift */ = {isa = PBXFileReference; lastKnownFileType = sourcecode.swift; path = Product.swift; sourceTree = "<group>"; };
		90EDB4B721B3B8CB004C15CC /* ProductStore.swift */ = {isa = PBXFileReference; lastKnownFileType = sourcecode.swift; path = ProductStore.swift; sourceTree = "<group>"; };
		90EDB4B921B3BC3C004C15CC /* ProductManageViewController.swift */ = {isa = PBXFileReference; lastKnownFileType = sourcecode.swift; path = ProductManageViewController.swift; sourceTree = "<group>"; };
		90EDB4BB21B3BC58004C15CC /* ProductManageViewController.storyboard */ = {isa = PBXFileReference; lastKnownFileType = file.storyboard; path = ProductManageViewController.storyboard; sourceTree = "<group>"; };
		90EDB4BD21B3BCCE004C15CC /* ProductManageContract.swift */ = {isa = PBXFileReference; lastKnownFileType = sourcecode.swift; path = ProductManageContract.swift; sourceTree = "<group>"; };
		90EDB4BF21B3BE3F004C15CC /* ProductManageRouter.swift */ = {isa = PBXFileReference; lastKnownFileType = sourcecode.swift; path = ProductManageRouter.swift; sourceTree = "<group>"; };
		90EDB4C121B3BEF4004C15CC /* ProductManageInteractor.swift */ = {isa = PBXFileReference; lastKnownFileType = sourcecode.swift; path = ProductManageInteractor.swift; sourceTree = "<group>"; };
		90EDB4C321B3C03B004C15CC /* ProductManagePresenter.swift */ = {isa = PBXFileReference; lastKnownFileType = sourcecode.swift; path = ProductManagePresenter.swift; sourceTree = "<group>"; };
		90EDB4C521B3C2B0004C15CC /* ProductManageViewBuilder.swift */ = {isa = PBXFileReference; lastKnownFileType = sourcecode.swift; path = ProductManageViewBuilder.swift; sourceTree = "<group>"; };
		90EDB4C921B3C3F4004C15CC /* ProductCollectionViewCell.swift */ = {isa = PBXFileReference; lastKnownFileType = sourcecode.swift; path = ProductCollectionViewCell.swift; sourceTree = "<group>"; };
		90EDB4CB21B3C41A004C15CC /* ProductCollectionViewCell.xib */ = {isa = PBXFileReference; lastKnownFileType = file.xib; path = ProductCollectionViewCell.xib; sourceTree = "<group>"; };
		90EDB4CD21B3C796004C15CC /* UICollectionViewCell+extension.swift */ = {isa = PBXFileReference; lastKnownFileType = sourcecode.swift; path = "UICollectionViewCell+extension.swift"; sourceTree = "<group>"; };
		90EDB4CF21B3C7BB004C15CC /* UICollectionView+extension.swift */ = {isa = PBXFileReference; lastKnownFileType = sourcecode.swift; path = "UICollectionView+extension.swift"; sourceTree = "<group>"; };
/* End PBXFileReference section */

/* Begin PBXFrameworksBuildPhase section */
		900C83F221B1530B001073EB /* Frameworks */ = {
			isa = PBXFrameworksBuildPhase;
			buildActionMask = 2147483647;
			files = (
				907BC99C21B21872002C3A85 /* RxCocoa.framework in Frameworks */,
				907BC99D21B21872002C3A85 /* RxSwift.framework in Frameworks */,
				907BC99721B21750002C3A85 /* Realm.framework in Frameworks */,
				907BC99821B21750002C3A85 /* RealmSwift.framework in Frameworks */,
				9077C42A21B756F3003EEB03 /* SKCore.framework in Frameworks */,
				9077C42B21B756F3003EEB03 /* SKClient.framework in Frameworks */,
				9077C42C21B756F3003EEB03 /* SKWebAPI.framework in Frameworks */,
			);
			runOnlyForDeploymentPostprocessing = 0;
		};
/* End PBXFrameworksBuildPhase section */

/* Begin PBXGroup section */
		900C83EC21B1530A001073EB = {
			isa = PBXGroup;
			children = (
				900C83F721B1530B001073EB /* JFManager */,
				900C83F621B1530B001073EB /* Products */,
				907BC99421B2174F002C3A85 /* Frameworks */,
			);
			sourceTree = "<group>";
		};
		900C83F621B1530B001073EB /* Products */ = {
			isa = PBXGroup;
			children = (
				900C83F521B1530B001073EB /* JFManager.app */,
			);
			name = Products;
			sourceTree = "<group>";
		};
		900C83F721B1530B001073EB /* JFManager */ = {
			isa = PBXGroup;
			children = (
				900C83F821B1530B001073EB /* AppDelegate.swift */,
				907BC9E121B25B7F002C3A85 /* VIPER */,
				907BC9C321B22F4B002C3A85 /* Common */,
				900C83FF21B1530D001073EB /* Assets.xcassets */,
				900C840121B1530D001073EB /* LaunchScreen.storyboard */,
				900C840421B1530D001073EB /* Info.plist */,
			);
			path = JFManager;
			sourceTree = "<group>";
		};
		907BC99421B2174F002C3A85 /* Frameworks */ = {
			isa = PBXGroup;
			children = (
				9077C42821B756F3003EEB03 /* SKClient.framework */,
				9077C42721B756F3003EEB03 /* SKCore.framework */,
				9077C42921B756F3003EEB03 /* SKWebAPI.framework */,
				907BC99A21B21871002C3A85 /* RxCocoa.framework */,
				907BC99B21B21872002C3A85 /* RxSwift.framework */,
				907BC99521B21750002C3A85 /* Realm.framework */,
				907BC99621B21750002C3A85 /* RealmSwift.framework */,
			);
			name = Frameworks;
			sourceTree = "<group>";
		};
		907BC9C221B22F37002C3A85 /* Views */ = {
			isa = PBXGroup;
			children = (
				90EDB4B021B3AFB5004C15CC /* Components */,
				907BC9C521B22FD0002C3A85 /* ViewControllers */,
			);
			path = Views;
			sourceTree = "<group>";
		};
		907BC9C321B22F4B002C3A85 /* Common */ = {
			isa = PBXGroup;
			children = (
				907BC9C421B22F59002C3A85 /* Extensions */,
			);
			path = Common;
			sourceTree = "<group>";
		};
		907BC9C421B22F59002C3A85 /* Extensions */ = {
			isa = PBXGroup;
			children = (
				907BC9EB21B260EB002C3A85 /* NSObject+extension.swift */,
				90EDB4CF21B3C7BB004C15CC /* UICollectionView+extension.swift */,
				90EDB4CD21B3C796004C15CC /* UICollectionViewCell+extension.swift */,
				907BC9E921B260B9002C3A85 /* UITableView+extension.swift */,
				907BC9ED21B26110002C3A85 /* UITableViewCell+extesion.swift */,
				9003F13721B445BD0009EEBD /* UIImage+extension.swift */,
				907BC9C021B22C85002C3A85 /* UIViewController+extension.swift */,
			);
			path = Extensions;
			sourceTree = "<group>";
		};
		907BC9C521B22FD0002C3A85 /* ViewControllers */ = {
			isa = PBXGroup;
			children = (
				90568EAF21C53D98002727A0 /* ManagerViewController.storyboard */,
				90568EAD21C53D7F002727A0 /* ManagerViewController.swift */,
				90EA012C21DCFA9700D5DA5C /* SelectManagerViewController.swift */,
				90EA012E21DCFAC200D5DA5C /* SelectManagerViewController.storyboard */,
				907BC9C621B22FF5002C3A85 /* MasterViewController.storyboard */,
				907BC99E21B228F3002C3A85 /* MasterViewController.swift */,
				9003F10F21B3E18C0009EEBD /* ProductEditViewController.storyboard */,
				9003F10D21B3E17C0009EEBD /* ProductEditViewController.swift */,
				90EDB4BB21B3BC58004C15CC /* ProductManageViewController.storyboard */,
				90EDB4B921B3BC3C004C15CC /* ProductManageViewController.swift */,
				9077C41321B4AB9A003EEB03 /* PurchaseConfirmViewController.storyboard */,
				9077C41121B4AB77003EEB03 /* PurchaseConfirmViewController.swift */,
				907BC9F721B2727A002C3A85 /* SettingViewController.storyboard */,
				907BC9F521B27267002C3A85 /* SettingViewController.swift */,
				9077C43D21B7BADA003EEB03 /* SlackEditViewController.storyboard */,
				9077C43B21B7BAC2003EEB03 /* SlackEditViewController.swift */,
				90EDB4A221B36FC9004C15CC /* UserEditViewController.storyboard */,
				90EDB4A021B36FB8004C15CC /* UserEditViewController.swift */,
				907BCA0E21B2D9B6002C3A85 /* UserManageViewController.storyboard */,
				907BCA0C21B2D9A7002C3A85 /* UserManageViewController.swift */,
				9003F11F21B415DB0009EEBD /* UserPageViewController.storyboard */,
				9003F11D21B415A70009EEBD /* UserPageViewController.swift */,
			);
			path = ViewControllers;
			sourceTree = "<group>";
		};
		907BC9C821B2373E002C3A85 /* Interactors */ = {
			isa = PBXGroup;
			children = (
				907BC9F121B26B21002C3A85 /* MasterInteractor.swift */,
				90568EA721C4FD50002727A0 /* ManagerInteractor.swift */,
				9003F12921B422530009EEBD /* UserPageInteractor.swift */,
				9077C41921B4B061003EEB03 /* PurchaseConfirmInteractor.swift */,
				9003F11521B3EB290009EEBD /* ProductEditInteractor.swift */,
				90EDB4C121B3BEF4004C15CC /* ProductManageInteractor.swift */,
				9077C44321B7F1AF003EEB03 /* SlackEditInteractor.swift */,
				90EDB4A821B379E5004C15CC /* UserEditInteractor.swift */,
				907BCA0021B277AA002C3A85 /* UserManageInteractor.swift */,
				907BC9FB21B2731D002C3A85 /* UserCase */,
				907BC9D521B25002002C3A85 /* DataStores */,
				907BC9DA21B251FB002C3A85 /* Utils */,
			);
			path = Interactors;
			sourceTree = "<group>";
		};
		907BC9C921B23749002C3A85 /* Presenters */ = {
			isa = PBXGroup;
			children = (
				907BC9EF21B26231002C3A85 /* MasterPresenter.swift */,
				90568EAB21C53AA5002727A0 /* ManagerPresenter.swift */,
				9077C44121B7C82E003EEB03 /* SlackEditPresenter.swift */,
				9077C41B21B4B162003EEB03 /* PurchaseConfirmPresenter.swift */,
				9003F11721B3EC290009EEBD /* ProductEditPresenter.swift */,
				90EDB4C321B3C03B004C15CC /* ProductManagePresenter.swift */,
				907BCA0A21B2D69E002C3A85 /* SettingPresenter.swift */,
				90EDB4A621B3771C004C15CC /* UserEditPresenter.swift */,
				90EDB49C21B2DEA9004C15CC /* UserManagePresenter.swift */,
				9003F12721B4213A0009EEBD /* UserPagePresenter.swift */,
			);
			path = Presenters;
			sourceTree = "<group>";
		};
		907BC9CA21B23754002C3A85 /* Routers */ = {
			isa = PBXGroup;
			children = (
				9003F11921B3EDF40009EEBD /* ProductEditRouter.swift */,
				9003F11B21B410570009EEBD /* MasterRouter.swift */,
				908080EA21B906F100C98626 /* ManagerRouter.swift */,
				90EDB4BF21B3BE3F004C15CC /* ProductManageRouter.swift */,
				9077C41721B4AFD5003EEB03 /* PurchaseConfirmRouter.swift */,
				907BCA0421B27B9E002C3A85 /* SettingRouter.swift */,
				90EDB4AC21B37FDD004C15CC /* UserEditRouter.swift */,
				9077C44521B7F289003EEB03 /* SlackEditRouter.swift */,
				90EDB4AE21B3816E004C15CC /* UserManageRouter.swift */,
				9003F13121B432640009EEBD /* UserPageRouter.swift */,
			);
			path = Routers;
			sourceTree = "<group>";
		};
		907BC9CB21B23784002C3A85 /* Enities */ = {
			isa = PBXGroup;
			children = (
				907BC9CE21B23816002C3A85 /* IdTable.swift */,
				9077C42F21B7626D003EEB03 /* SlackConfig.swift */,
				9003F12B21B423980009EEBD /* Purchase.swift */,
				907BC9D021B23D15002C3A85 /* Position.swift */,
				90EDB4B521B3B76C004C15CC /* Product.swift */,
				907BC9CC21B237C9002C3A85 /* User.swift */,
			);
			path = Enities;
			sourceTree = "<group>";
		};
		907BC9D521B25002002C3A85 /* DataStores */ = {
			isa = PBXGroup;
			children = (
				907BC9DB21B25235002C3A85 /* DataStore.swift */,
				90EDB4B721B3B8CB004C15CC /* ProductStore.swift */,
				9003F12D21B425600009EEBD /* PurchaseStore.swift */,
				907BC9F321B26C1D002C3A85 /* PositionStore.swift */,
				907BC9D621B2508F002C3A85 /* UserStore.swift */,
				9077C43721B76D48003EEB03 /* SlackConfigStore.swift */,
				9077C42D21B7576F003EEB03 /* SlackStore.swift */,
			);
			path = DataStores;
			sourceTree = "<group>";
		};
		907BC9DA21B251FB002C3A85 /* Utils */ = {
			isa = PBXGroup;
			children = (
				907BC9D821B2511D002C3A85 /* RealmRepository.swift */,
			);
			path = Utils;
			sourceTree = "<group>";
		};
		907BC9E121B25B7F002C3A85 /* VIPER */ = {
			isa = PBXGroup;
			children = (
				907BC9C221B22F37002C3A85 /* Views */,
				907BC9C821B2373E002C3A85 /* Interactors */,
				907BC9C921B23749002C3A85 /* Presenters */,
				907BC9CB21B23784002C3A85 /* Enities */,
				907BC9CA21B23754002C3A85 /* Routers */,
				907BC9E221B25BA8002C3A85 /* Others */,
			);
			path = VIPER;
			sourceTree = "<group>";
		};
		907BC9E221B25BA8002C3A85 /* Others */ = {
			isa = PBXGroup;
			children = (
				907BC9E621B25F13002C3A85 /* ViewBuilder */,
				907BC9E521B25F0A002C3A85 /* Contracts */,
			);
			path = Others;
			sourceTree = "<group>";
		};
		907BC9E521B25F0A002C3A85 /* Contracts */ = {
			isa = PBXGroup;
			children = (
				907BC9E321B25BCC002C3A85 /* MasterContract.swift */,
				9077C44D21B8BE54003EEB03 /* ManagerContracts.swift */,
				9003F11321B3EA220009EEBD /* ProductEditContract.swift */,
				90EDB4BD21B3BCCE004C15CC /* ProductManageContract.swift */,
				9077C41521B4AF28003EEB03 /* PurchaseConfirmContruct.swift */,
				907BCA0221B27A3E002C3A85 /* SettingContract.swift */,
				9077C43F21B7BB92003EEB03 /* SlackEditConstrcts.swift */,
				90EDB4A421B375A7004C15CC /* UserEditCotract.swift */,
				907BC9F921B272E7002C3A85 /* UserManageContract.swift */,
				9003F12121B418F50009EEBD /* UserPageContract.swift */,
			);
			path = Contracts;
			sourceTree = "<group>";
		};
		907BC9E621B25F13002C3A85 /* ViewBuilder */ = {
			isa = PBXGroup;
			children = (
				9077C44B21B8BCD2003EEB03 /* ManagerViewBuilder.swift */,
				907BC9E721B25F24002C3A85 /* MasterBuilder.swift */,
				9003F11121B3E49F0009EEBD /* ProductEditViewBuilder.swift */,
				9077C41D21B4B25B003EEB03 /* PurchaseConfirmViewBuilder.swift */,
				9077C44921B7F301003EEB03 /* SlackEditViewBuilder.swift */,
				90EDB4C521B3C2B0004C15CC /* ProductManageViewBuilder.swift */,
				907BCA0821B2D5E1002C3A85 /* SettingBuilder.swift */,
				90EDB4AA21B37EFC004C15CC /* UserEditViewBuilder.swift */,
				907BCA0621B27C06002C3A85 /* UserManagerBuilder.swift */,
				9003F12F21B431DA0009EEBD /* UserPageViewBuilder.swift */,
			);
			path = ViewBuilder;
			sourceTree = "<group>";
		};
		907BC9FB21B2731D002C3A85 /* UserCase */ = {
			isa = PBXGroup;
			children = (
				9077C43921B76E7C003EEB03 /* SlackUseCase.swift */,
				907BC9FC21B2732D002C3A85 /* UserUseCase.swift */,
			);
			path = UserCase;
			sourceTree = "<group>";
		};
		90EDB4B021B3AFB5004C15CC /* Components */ = {
			isa = PBXGroup;
			children = (
				90EDB4C821B3C3DA004C15CC /* CollectionViewCell */,
				90EDB4C721B3C3CF004C15CC /* TableViewCell */,
			);
			path = Components;
			sourceTree = "<group>";
		};
		90EDB4C721B3C3CF004C15CC /* TableViewCell */ = {
			isa = PBXGroup;
			children = (
				9077C41F21B4C77A003EEB03 /* HeaderTableViewCell.swift */,
				9077C42121B4C790003EEB03 /* HeaderTableViewCell.xib */,
				9077C42321B4C965003EEB03 /* HistoryTableViewCell.swift */,
				9077C42521B4C978003EEB03 /* HistoryTableViewCell.xib */,
				9003F13321B436530009EEBD /* ProductsTableViewCell.swift */,
				9003F13521B4366B0009EEBD /* ProductsTableViewCell.xib */,
				9003F12321B41A2B0009EEBD /* UserProfileTableViewCell.swift */,
				9003F12521B41A340009EEBD /* UserProfileTableViewCell.xib */,
				90EDB4B121B3AFC6004C15CC /* UserShortCell.swift */,
				90EDB4B321B3AFDF004C15CC /* UserShortCell.xib */,
				905BC5AF21C65B8400EBE5D6 /* ToatalPriceTableViewCell.swift */,
				90EA012A21DC767700D5DA5C /* ToatalPriceTableViewCell.xib */,
				905BC5AB21C657E700EBE5D6 /* ManagerTableViewCell.swift */,
				905BC5AD21C657F900EBE5D6 /* ManagerTableViewCell.xib */,
			);
			path = TableViewCell;
			sourceTree = "<group>";
		};
		90EDB4C821B3C3DA004C15CC /* CollectionViewCell */ = {
			isa = PBXGroup;
			children = (
				90EDB4C921B3C3F4004C15CC /* ProductCollectionViewCell.swift */,
				90EDB4CB21B3C41A004C15CC /* ProductCollectionViewCell.xib */,
			);
			path = CollectionViewCell;
			sourceTree = "<group>";
		};
/* End PBXGroup section */

/* Begin PBXNativeTarget section */
		900C83F421B1530B001073EB /* JFManager */ = {
			isa = PBXNativeTarget;
			buildConfigurationList = 900C840721B1530D001073EB /* Build configuration list for PBXNativeTarget "JFManager" */;
			buildPhases = (
				900C83F121B1530B001073EB /* Sources */,
				900C83F221B1530B001073EB /* Frameworks */,
				900C83F321B1530B001073EB /* Resources */,
				907BC99921B2176B002C3A85 /* ShellScript */,
			);
			buildRules = (
			);
			dependencies = (
			);
			name = JFManager;
			productName = JFManager;
			productReference = 900C83F521B1530B001073EB /* JFManager.app */;
			productType = "com.apple.product-type.application";
		};
/* End PBXNativeTarget section */

/* Begin PBXProject section */
		900C83ED21B1530A001073EB /* Project object */ = {
			isa = PBXProject;
			attributes = {
				LastSwiftUpdateCheck = 1000;
				LastUpgradeCheck = 1000;
				ORGANIZATIONNAME = "Kusumoto Lab";
				TargetAttributes = {
					900C83F421B1530B001073EB = {
						CreatedOnToolsVersion = 10.0;
					};
				};
			};
			buildConfigurationList = 900C83F021B1530A001073EB /* Build configuration list for PBXProject "JFManager" */;
			compatibilityVersion = "Xcode 9.3";
			developmentRegion = en;
			hasScannedForEncodings = 0;
			knownRegions = (
				en,
				Base,
			);
			mainGroup = 900C83EC21B1530A001073EB;
			productRefGroup = 900C83F621B1530B001073EB /* Products */;
			projectDirPath = "";
			projectRoot = "";
			targets = (
				900C83F421B1530B001073EB /* JFManager */,
			);
		};
/* End PBXProject section */

/* Begin PBXResourcesBuildPhase section */
		900C83F321B1530B001073EB /* Resources */ = {
			isa = PBXResourcesBuildPhase;
			buildActionMask = 2147483647;
			files = (
				9003F12621B41A340009EEBD /* UserProfileTableViewCell.xib in Resources */,
				9003F12021B415DB0009EEBD /* UserPageViewController.storyboard in Resources */,
				90EDB4B421B3AFDF004C15CC /* UserShortCell.xib in Resources */,
				90EDB4A321B36FC9004C15CC /* UserEditViewController.storyboard in Resources */,
				90EDB4CC21B3C41A004C15CC /* ProductCollectionViewCell.xib in Resources */,
				9003F13621B4366B0009EEBD /* ProductsTableViewCell.xib in Resources */,
				907BC9F821B2727A002C3A85 /* SettingViewController.storyboard in Resources */,
				900C840321B1530D001073EB /* LaunchScreen.storyboard in Resources */,
				907BCA0F21B2D9B6002C3A85 /* UserManageViewController.storyboard in Resources */,
				900C840021B1530D001073EB /* Assets.xcassets in Resources */,
				90EDB4BC21B3BC58004C15CC /* ProductManageViewController.storyboard in Resources */,
				9077C41421B4AB9A003EEB03 /* PurchaseConfirmViewController.storyboard in Resources */,
				90EA012B21DC767700D5DA5C /* ToatalPriceTableViewCell.xib in Resources */,
				90EA012F21DCFAC200D5DA5C /* SelectManagerViewController.storyboard in Resources */,
				9077C43E21B7BADA003EEB03 /* SlackEditViewController.storyboard in Resources */,
				905BC5AE21C657F900EBE5D6 /* ManagerTableViewCell.xib in Resources */,
				9003F11021B3E18C0009EEBD /* ProductEditViewController.storyboard in Resources */,
				9077C42221B4C790003EEB03 /* HeaderTableViewCell.xib in Resources */,
				9077C42621B4C978003EEB03 /* HistoryTableViewCell.xib in Resources */,
				90568EB021C53D98002727A0 /* ManagerViewController.storyboard in Resources */,
				907BC9C721B22FF5002C3A85 /* MasterViewController.storyboard in Resources */,
			);
			runOnlyForDeploymentPostprocessing = 0;
		};
/* End PBXResourcesBuildPhase section */

/* Begin PBXShellScriptBuildPhase section */
		907BC99921B2176B002C3A85 /* ShellScript */ = {
			isa = PBXShellScriptBuildPhase;
			buildActionMask = 2147483647;
			files = (
			);
			inputFileListPaths = (
			);
			inputPaths = (
				"$(SRCROOT)/Carthage/Build/iOS/Realm.framework",
				"$(SRCROOT)/Carthage/Build/iOS/RealmSwift.framework",
				"$(SRCROOT)/Carthage/Build/iOS/RxSwift.framework",
				"$(SRCROOT)/Carthage/Build/iOS/RxCocoa.framework",
				"$(SRCROOT)/Carthage/Build/iOS/SKClient.framework",
				"$(SRCROOT)/Carthage/Build/iOS/SKCore.framework",
				"$(SRCROOT)/Carthage/Build/iOS/SKWebAPI.framework",
			);
			outputFileListPaths = (
			);
			outputPaths = (
			);
			runOnlyForDeploymentPostprocessing = 0;
			shellPath = /bin/sh;
			shellScript = "/usr/local/bin/carthage copy-frameworks\n";
		};
/* End PBXShellScriptBuildPhase section */

/* Begin PBXSourcesBuildPhase section */
		900C83F121B1530B001073EB /* Sources */ = {
			isa = PBXSourcesBuildPhase;
			buildActionMask = 2147483647;
			files = (
				907BC9CD21B237C9002C3A85 /* User.swift in Sources */,
				90568EAE21C53D7F002727A0 /* ManagerViewController.swift in Sources */,
				90EA012D21DCFA9700D5DA5C /* SelectManagerViewController.swift in Sources */,
				905BC5B021C65B8400EBE5D6 /* ToatalPriceTableViewCell.swift in Sources */,
				90EDB4D021B3C7BB004C15CC /* UICollectionView+extension.swift in Sources */,
				90EDB4B221B3AFC7004C15CC /* UserShortCell.swift in Sources */,
				9003F11821B3EC290009EEBD /* ProductEditPresenter.swift in Sources */,
				9077C44021B7BB92003EEB03 /* SlackEditConstrcts.swift in Sources */,
				9003F12421B41A2B0009EEBD /* UserProfileTableViewCell.swift in Sources */,
				907BC9E421B25BCC002C3A85 /* MasterContract.swift in Sources */,
				907BC9FA21B272E7002C3A85 /* UserManageContract.swift in Sources */,
				90EDB4A521B375A7004C15CC /* UserEditCotract.swift in Sources */,
				900C83F921B1530B001073EB /* AppDelegate.swift in Sources */,
				907BCA0721B27C06002C3A85 /* UserManagerBuilder.swift in Sources */,
				9077C41C21B4B162003EEB03 /* PurchaseConfirmPresenter.swift in Sources */,
				90EDB4CA21B3C3F4004C15CC /* ProductCollectionViewCell.swift in Sources */,
				9077C41221B4AB77003EEB03 /* PurchaseConfirmViewController.swift in Sources */,
				907BC9D121B23D15002C3A85 /* Position.swift in Sources */,
				9077C44221B7C82E003EEB03 /* SlackEditPresenter.swift in Sources */,
				907BC9EC21B260EB002C3A85 /* NSObject+extension.swift in Sources */,
				9003F13421B436530009EEBD /* ProductsTableViewCell.swift in Sources */,
				90EDB4A721B3771C004C15CC /* UserEditPresenter.swift in Sources */,
				9003F11621B3EB290009EEBD /* ProductEditInteractor.swift in Sources */,
				90EDB4C421B3C03B004C15CC /* ProductManagePresenter.swift in Sources */,
				9077C41621B4AF28003EEB03 /* PurchaseConfirmContruct.swift in Sources */,
				90EDB4BE21B3BCCE004C15CC /* ProductManageContract.swift in Sources */,
				9077C44421B7F1AF003EEB03 /* SlackEditInteractor.swift in Sources */,
				9077C42421B4C965003EEB03 /* HistoryTableViewCell.swift in Sources */,
				907BC9F621B27267002C3A85 /* SettingViewController.swift in Sources */,
				90EDB49D21B2DEA9004C15CC /* UserManagePresenter.swift in Sources */,
				907BC9EA21B260B9002C3A85 /* UITableView+extension.swift in Sources */,
				9077C41E21B4B25B003EEB03 /* PurchaseConfirmViewBuilder.swift in Sources */,
				907BC9F021B26231002C3A85 /* MasterPresenter.swift in Sources */,
				9077C43A21B76E7C003EEB03 /* SlackUseCase.swift in Sources */,
				90568EA821C4FD50002727A0 /* ManagerInteractor.swift in Sources */,
				907BCA0921B2D5E1002C3A85 /* SettingBuilder.swift in Sources */,
				9003F10E21B3E17C0009EEBD /* ProductEditViewController.swift in Sources */,
				9003F11A21B3EDF40009EEBD /* ProductEditRouter.swift in Sources */,
				907BC9D721B2508F002C3A85 /* UserStore.swift in Sources */,
				90EDB4AD21B37FDD004C15CC /* UserEditRouter.swift in Sources */,
				907BC9F221B26B21002C3A85 /* MasterInteractor.swift in Sources */,
				907BCA0D21B2D9A7002C3A85 /* UserManageViewController.swift in Sources */,
				9003F11421B3EA220009EEBD /* ProductEditContract.swift in Sources */,
				907BC9EE21B26110002C3A85 /* UITableViewCell+extesion.swift in Sources */,
				907BC9CF21B23816002C3A85 /* IdTable.swift in Sources */,
				90EDB4AB21B37EFC004C15CC /* UserEditViewBuilder.swift in Sources */,
				9003F12821B4213A0009EEBD /* UserPagePresenter.swift in Sources */,
				9077C44A21B7F301003EEB03 /* SlackEditViewBuilder.swift in Sources */,
				90EDB4A921B379E5004C15CC /* UserEditInteractor.swift in Sources */,
				907BC9D921B2511D002C3A85 /* RealmRepository.swift in Sources */,
				9003F11221B3E49F0009EEBD /* ProductEditViewBuilder.swift in Sources */,
				9077C41A21B4B061003EEB03 /* PurchaseConfirmInteractor.swift in Sources */,
				9077C44C21B8BCD2003EEB03 /* ManagerViewBuilder.swift in Sources */,
				9077C43021B7626D003EEB03 /* SlackConfig.swift in Sources */,
				90EDB4C221B3BEF4004C15CC /* ProductManageInteractor.swift in Sources */,
				907BCA0121B277AA002C3A85 /* UserManageInteractor.swift in Sources */,
				9003F11E21B415A70009EEBD /* UserPageViewController.swift in Sources */,
				907BCA0521B27B9E002C3A85 /* SettingRouter.swift in Sources */,
				90EDB4CE21B3C796004C15CC /* UICollectionViewCell+extension.swift in Sources */,
				90EDB4C621B3C2B0004C15CC /* ProductManageViewBuilder.swift in Sources */,
				9003F12E21B425600009EEBD /* PurchaseStore.swift in Sources */,
				907BC9F421B26C1D002C3A85 /* PositionStore.swift in Sources */,
				9003F13821B445BD0009EEBD /* UIImage+extension.swift in Sources */,
				90EDB4B621B3B76C004C15CC /* Product.swift in Sources */,
				90EDB4AF21B3816E004C15CC /* UserManageRouter.swift in Sources */,
				90EDB4B821B3B8CB004C15CC /* ProductStore.swift in Sources */,
				9077C44E21B8BE54003EEB03 /* ManagerContracts.swift in Sources */,
				90EDB4C021B3BE3F004C15CC /* ProductManageRouter.swift in Sources */,
				907BC9E821B25F24002C3A85 /* MasterBuilder.swift in Sources */,
				907BC9FD21B2732D002C3A85 /* UserUseCase.swift in Sources */,
				9003F12221B418F50009EEBD /* UserPageContract.swift in Sources */,
				90568EAC21C53AA5002727A0 /* ManagerPresenter.swift in Sources */,
				907BCA0B21B2D69E002C3A85 /* SettingPresenter.swift in Sources */,
				90EDB4BA21B3BC3C004C15CC /* ProductManageViewController.swift in Sources */,
				90EDB4A121B36FB8004C15CC /* UserEditViewController.swift in Sources */,
				9003F11C21B410570009EEBD /* MasterRouter.swift in Sources */,
				9077C41821B4AFD5003EEB03 /* PurchaseConfirmRouter.swift in Sources */,
				907BCA0321B27A3E002C3A85 /* SettingContract.swift in Sources */,
				9077C43C21B7BAC2003EEB03 /* SlackEditViewController.swift in Sources */,
				9077C42021B4C77A003EEB03 /* HeaderTableViewCell.swift in Sources */,
				9003F13021B431DA0009EEBD /* UserPageViewBuilder.swift in Sources */,
				908080EB21B906F100C98626 /* ManagerRouter.swift in Sources */,
				9003F12A21B422530009EEBD /* UserPageInteractor.swift in Sources */,
				9077C42E21B7576F003EEB03 /* SlackStore.swift in Sources */,
				9077C43821B76D48003EEB03 /* SlackConfigStore.swift in Sources */,
				9003F12C21B423980009EEBD /* Purchase.swift in Sources */,
				9003F13221B432640009EEBD /* UserPageRouter.swift in Sources */,
				905BC5AC21C657E700EBE5D6 /* ManagerTableViewCell.swift in Sources */,
				907BC9C121B22C85002C3A85 /* UIViewController+extension.swift in Sources */,
				907BC99F21B228F3002C3A85 /* MasterViewController.swift in Sources */,
				907BC9DC21B25235002C3A85 /* DataStore.swift in Sources */,
				9077C44621B7F289003EEB03 /* SlackEditRouter.swift in Sources */,
			);
			runOnlyForDeploymentPostprocessing = 0;
		};
/* End PBXSourcesBuildPhase section */

/* Begin PBXVariantGroup section */
		900C840121B1530D001073EB /* LaunchScreen.storyboard */ = {
			isa = PBXVariantGroup;
			children = (
				900C840221B1530D001073EB /* Base */,
			);
			name = LaunchScreen.storyboard;
			sourceTree = "<group>";
		};
/* End PBXVariantGroup section */

/* Begin XCBuildConfiguration section */
		900C840521B1530D001073EB /* Debug */ = {
			isa = XCBuildConfiguration;
			buildSettings = {
				ALWAYS_SEARCH_USER_PATHS = NO;
				CLANG_ANALYZER_NONNULL = YES;
				CLANG_ANALYZER_NUMBER_OBJECT_CONVERSION = YES_AGGRESSIVE;
				CLANG_CXX_LANGUAGE_STANDARD = "gnu++14";
				CLANG_CXX_LIBRARY = "libc++";
				CLANG_ENABLE_MODULES = YES;
				CLANG_ENABLE_OBJC_ARC = YES;
				CLANG_ENABLE_OBJC_WEAK = YES;
				CLANG_WARN_BLOCK_CAPTURE_AUTORELEASING = YES;
				CLANG_WARN_BOOL_CONVERSION = YES;
				CLANG_WARN_COMMA = YES;
				CLANG_WARN_CONSTANT_CONVERSION = YES;
				CLANG_WARN_DEPRECATED_OBJC_IMPLEMENTATIONS = YES;
				CLANG_WARN_DIRECT_OBJC_ISA_USAGE = YES_ERROR;
				CLANG_WARN_DOCUMENTATION_COMMENTS = YES;
				CLANG_WARN_EMPTY_BODY = YES;
				CLANG_WARN_ENUM_CONVERSION = YES;
				CLANG_WARN_INFINITE_RECURSION = YES;
				CLANG_WARN_INT_CONVERSION = YES;
				CLANG_WARN_NON_LITERAL_NULL_CONVERSION = YES;
				CLANG_WARN_OBJC_IMPLICIT_RETAIN_SELF = YES;
				CLANG_WARN_OBJC_LITERAL_CONVERSION = YES;
				CLANG_WARN_OBJC_ROOT_CLASS = YES_ERROR;
				CLANG_WARN_RANGE_LOOP_ANALYSIS = YES;
				CLANG_WARN_STRICT_PROTOTYPES = YES;
				CLANG_WARN_SUSPICIOUS_MOVE = YES;
				CLANG_WARN_UNGUARDED_AVAILABILITY = YES_AGGRESSIVE;
				CLANG_WARN_UNREACHABLE_CODE = YES;
				CLANG_WARN__DUPLICATE_METHOD_MATCH = YES;
				CODE_SIGN_IDENTITY = "iPhone Developer";
				COPY_PHASE_STRIP = NO;
				DEBUG_INFORMATION_FORMAT = dwarf;
				ENABLE_STRICT_OBJC_MSGSEND = YES;
				ENABLE_TESTABILITY = YES;
				GCC_C_LANGUAGE_STANDARD = gnu11;
				GCC_DYNAMIC_NO_PIC = NO;
				GCC_NO_COMMON_BLOCKS = YES;
				GCC_OPTIMIZATION_LEVEL = 0;
				GCC_PREPROCESSOR_DEFINITIONS = (
					"DEBUG=1",
					"$(inherited)",
				);
				GCC_WARN_64_TO_32_BIT_CONVERSION = YES;
				GCC_WARN_ABOUT_RETURN_TYPE = YES_ERROR;
				GCC_WARN_UNDECLARED_SELECTOR = YES;
				GCC_WARN_UNINITIALIZED_AUTOS = YES_AGGRESSIVE;
				GCC_WARN_UNUSED_FUNCTION = YES;
				GCC_WARN_UNUSED_VARIABLE = YES;
				IPHONEOS_DEPLOYMENT_TARGET = 12.0;
				MTL_ENABLE_DEBUG_INFO = INCLUDE_SOURCE;
				MTL_FAST_MATH = YES;
				ONLY_ACTIVE_ARCH = YES;
				SDKROOT = iphoneos;
				SWIFT_ACTIVE_COMPILATION_CONDITIONS = DEBUG;
				SWIFT_OPTIMIZATION_LEVEL = "-Onone";
			};
			name = Debug;
		};
		900C840621B1530D001073EB /* Release */ = {
			isa = XCBuildConfiguration;
			buildSettings = {
				ALWAYS_SEARCH_USER_PATHS = NO;
				CLANG_ANALYZER_NONNULL = YES;
				CLANG_ANALYZER_NUMBER_OBJECT_CONVERSION = YES_AGGRESSIVE;
				CLANG_CXX_LANGUAGE_STANDARD = "gnu++14";
				CLANG_CXX_LIBRARY = "libc++";
				CLANG_ENABLE_MODULES = YES;
				CLANG_ENABLE_OBJC_ARC = YES;
				CLANG_ENABLE_OBJC_WEAK = YES;
				CLANG_WARN_BLOCK_CAPTURE_AUTORELEASING = YES;
				CLANG_WARN_BOOL_CONVERSION = YES;
				CLANG_WARN_COMMA = YES;
				CLANG_WARN_CONSTANT_CONVERSION = YES;
				CLANG_WARN_DEPRECATED_OBJC_IMPLEMENTATIONS = YES;
				CLANG_WARN_DIRECT_OBJC_ISA_USAGE = YES_ERROR;
				CLANG_WARN_DOCUMENTATION_COMMENTS = YES;
				CLANG_WARN_EMPTY_BODY = YES;
				CLANG_WARN_ENUM_CONVERSION = YES;
				CLANG_WARN_INFINITE_RECURSION = YES;
				CLANG_WARN_INT_CONVERSION = YES;
				CLANG_WARN_NON_LITERAL_NULL_CONVERSION = YES;
				CLANG_WARN_OBJC_IMPLICIT_RETAIN_SELF = YES;
				CLANG_WARN_OBJC_LITERAL_CONVERSION = YES;
				CLANG_WARN_OBJC_ROOT_CLASS = YES_ERROR;
				CLANG_WARN_RANGE_LOOP_ANALYSIS = YES;
				CLANG_WARN_STRICT_PROTOTYPES = YES;
				CLANG_WARN_SUSPICIOUS_MOVE = YES;
				CLANG_WARN_UNGUARDED_AVAILABILITY = YES_AGGRESSIVE;
				CLANG_WARN_UNREACHABLE_CODE = YES;
				CLANG_WARN__DUPLICATE_METHOD_MATCH = YES;
				CODE_SIGN_IDENTITY = "iPhone Developer";
				COPY_PHASE_STRIP = NO;
				DEBUG_INFORMATION_FORMAT = "dwarf-with-dsym";
				ENABLE_NS_ASSERTIONS = NO;
				ENABLE_STRICT_OBJC_MSGSEND = YES;
				GCC_C_LANGUAGE_STANDARD = gnu11;
				GCC_NO_COMMON_BLOCKS = YES;
				GCC_WARN_64_TO_32_BIT_CONVERSION = YES;
				GCC_WARN_ABOUT_RETURN_TYPE = YES_ERROR;
				GCC_WARN_UNDECLARED_SELECTOR = YES;
				GCC_WARN_UNINITIALIZED_AUTOS = YES_AGGRESSIVE;
				GCC_WARN_UNUSED_FUNCTION = YES;
				GCC_WARN_UNUSED_VARIABLE = YES;
				IPHONEOS_DEPLOYMENT_TARGET = 12.0;
				MTL_ENABLE_DEBUG_INFO = NO;
				MTL_FAST_MATH = YES;
				SDKROOT = iphoneos;
				SWIFT_COMPILATION_MODE = wholemodule;
				SWIFT_OPTIMIZATION_LEVEL = "-O";
				VALIDATE_PRODUCT = YES;
			};
			name = Release;
		};
		900C840821B1530D001073EB /* Debug */ = {
			isa = XCBuildConfiguration;
			buildSettings = {
				ASSETCATALOG_COMPILER_APPICON_NAME = AppIcon;
				CODE_SIGN_STYLE = Automatic;
				DEVELOPMENT_TEAM = 79Q7G522V8;
				FRAMEWORK_SEARCH_PATHS = (
					"$(inherited)",
					"$(PROJECT_DIR)/Carthage/Build/iOS",
				);
				INFOPLIST_FILE = JFManager/Info.plist;
				LD_RUNPATH_SEARCH_PATHS = (
					"$(inherited)",
					"@executable_path/Frameworks",
				);
				PRODUCT_BUNDLE_IDENTIFIER = KusumotoLab.JFManager;
				PRODUCT_NAME = "$(TARGET_NAME)";
				SWIFT_VERSION = 4.2;
				TARGETED_DEVICE_FAMILY = 2;
			};
			name = Debug;
		};
		900C840921B1530D001073EB /* Release */ = {
			isa = XCBuildConfiguration;
			buildSettings = {
				ASSETCATALOG_COMPILER_APPICON_NAME = AppIcon;
				CODE_SIGN_STYLE = Automatic;
				DEVELOPMENT_TEAM = 79Q7G522V8;
				FRAMEWORK_SEARCH_PATHS = (
					"$(inherited)",
					"$(PROJECT_DIR)/Carthage/Build/iOS",
				);
				INFOPLIST_FILE = JFManager/Info.plist;
				LD_RUNPATH_SEARCH_PATHS = (
					"$(inherited)",
					"@executable_path/Frameworks",
				);
				PRODUCT_BUNDLE_IDENTIFIER = KusumotoLab.JFManager;
				PRODUCT_NAME = "$(TARGET_NAME)";
				SWIFT_VERSION = 4.2;
				TARGETED_DEVICE_FAMILY = 2;
			};
			name = Release;
		};
/* End XCBuildConfiguration section */

/* Begin XCConfigurationList section */
		900C83F021B1530A001073EB /* Build configuration list for PBXProject "JFManager" */ = {
			isa = XCConfigurationList;
			buildConfigurations = (
				900C840521B1530D001073EB /* Debug */,
				900C840621B1530D001073EB /* Release */,
			);
			defaultConfigurationIsVisible = 0;
			defaultConfigurationName = Release;
		};
		900C840721B1530D001073EB /* Build configuration list for PBXNativeTarget "JFManager" */ = {
			isa = XCConfigurationList;
			buildConfigurations = (
				900C840821B1530D001073EB /* Debug */,
				900C840921B1530D001073EB /* Release */,
			);
			defaultConfigurationIsVisible = 0;
			defaultConfigurationName = Release;
		};
/* End XCConfigurationList section */
	};
	rootObject = 900C83ED21B1530A001073EB /* Project object */;
}
